
Microsoft Visual Studio Solution File, Format Version 12.00
# Visual Studio Version 17
VisualStudioVersion = 17.7.34009.444
MinimumVisualStudioVersion = 10.0.40219.1
Project("{FAE04EC0-301F-11D3-BF4B-00C04F79EFBC}") = "Collection", "Collection.csproj", "{28263C8A-66E3-4C4B-B826-27C86A185288}"
EndProject
Global
	GlobalSection(SolutionConfigurationPlatforms) = preSolution
		Debug|Any CPU = Debug|Any CPU
		Release|Any CPU = Release|Any CPU
	EndGlobalSection
	GlobalSection(ProjectConfigurationPlatforms) = postSolution
		{28263C8A-66E3-4C4B-B826-27C86A185288}.Debug|Any CPU.ActiveCfg = Debug|Any CPU
		{28263C8A-66E3-4C4B-B826-27C86A185288}.Debug|Any CPU.Build.0 = Debug|Any CPU
		{28263C8A-66E3-4C4B-B826-27C86A185288}.Release|Any CPU.ActiveCfg = Release|Any CPU
		{28263C8A-66E3-4C4B-B826-27C86A185288}.Release|Any CPU.Build.0 = Release|Any CPU
	EndGlobalSection
	GlobalSection(SolutionProperties) = preSolution
		HideSolutionNode = FALSE
	EndGlobalSection
	GlobalSection(ExtensibilityGlobals) = postSolution
		SolutionGuid = {D72DBFB2-1EFD-4376-8BBE-90493B4BADD2}
	EndGlobalSection
EndGlobal
